
Microsoft Visual Studio Solution File, Format Version 12.00
# Visual Studio Version 16
VisualStudioVersion = 16.0.33130.400
MinimumVisualStudioVersion = 10.0.40219.1
Project("{FAE04EC0-301F-11D3-BF4B-00C04F79EFBC}") = "BookStore", "BookStore.csproj", "{BAB5B417-C65A-463F-971C-AC6D9390D1B7}"
EndProject
Global
	GlobalSection(SolutionConfigurationPlatforms) = preSolution
		Debug|Any CPU = Debug|Any CPU
		Release|Any CPU = Release|Any CPU
	EndGlobalSection
	GlobalSection(ProjectConfigurationPlatforms) = postSolution
		{BAB5B417-C65A-463F-971C-AC6D9390D1B7}.Debug|Any CPU.ActiveCfg = Debug|Any CPU
		{BAB5B417-C65A-463F-971C-AC6D9390D1B7}.Debug|Any CPU.Build.0 = Debug|Any CPU
		{BAB5B417-C65A-463F-971C-AC6D9390D1B7}.Release|Any CPU.ActiveCfg = Release|Any CPU
		{BAB5B417-C65A-463F-971C-AC6D9390D1B7}.Release|Any CPU.Build.0 = Release|Any CPU
	EndGlobalSection
	GlobalSection(SolutionProperties) = preSolution
		HideSolutionNode = FALSE
	EndGlobalSection
	GlobalSection(ExtensibilityGlobals) = postSolution
		SolutionGuid = {AEF57814-D5C6-4C48-94FC-A045ABC7396B}
	EndGlobalSection
EndGlobal
